
Microsoft Visual Studio Solution File, Format Version 12.00
# Visual Studio Version 17
VisualStudioVersion = 17.10.35027.167
MinimumVisualStudioVersion = 10.0.40219.1
Project("{FAE04EC0-301F-11D3-BF4B-00C04F79EFBC}") = "RMVB_konsola", "RMVB_konsola\RMVB_konsola.csproj", "{C65D2761-D093-4264-B0B2-6FC3688EB136}"
EndProject
Global
	GlobalSection(SolutionConfigurationPlatforms) = preSolution
		Debug|Any CPU = Debug|Any CPU
		Release|Any CPU = Release|Any CPU
	EndGlobalSection
	GlobalSection(ProjectConfigurationPlatforms) = postSolution
		{C65D2761-D093-4264-B0B2-6FC3688EB136}.Debug|Any CPU.ActiveCfg = Debug|Any CPU
		{C65D2761-D093-4264-B0B2-6FC3688EB136}.Debug|Any CPU.Build.0 = Debug|Any CPU
		{C65D2761-D093-4264-B0B2-6FC3688EB136}.Release|Any CPU.ActiveCfg = Release|Any CPU
		{C65D2761-D093-4264-B0B2-6FC3688EB136}.Release|Any CPU.Build.0 = Release|Any CPU
	EndGlobalSection
	GlobalSection(SolutionProperties) = preSolution
		HideSolutionNode = FALSE
	EndGlobalSection
	GlobalSection(ExtensibilityGlobals) = postSolution
		SolutionGuid = {E58B3EA6-78E3-4FFD-B2C2-075F161BFF76}
	EndGlobalSection
EndGlobal
